Microsoft Visual Studio Solution File, Format Version 8.00
Project("{8BC9CEB8-8B4A-11D0-8D11-00A0C91BC942}") = "common", "common.vcproj", "{73263802-2905-455F-B25F-DA6ABAFCEB1A}"
	ProjectSection(ProjectDependencies) = postProject
		{6228A942-DC59-492A-AAD6-92ADD7161A0F} = {6228A942-DC59-492A-AAD6-92ADD7161A0F}
	EndProjectSection
EndProject
Project("{8BC9CEB8-8B4A-11D0-8D11-00A0C91BC942}") = "server", "server.vcproj", "{26E38F8C-3899-4CCE-9CDA-78190C3D6D1A}"
	ProjectSection(ProjectDependencies) = postProject
		{73263802-2905-455F-B25F-DA6ABAFCEB1A} = {73263802-2905-455F-B25F-DA6ABAFCEB1A}
		{6228A942-DC59-492A-AAD6-92ADD7161A0F} = {6228A942-DC59-492A-AAD6-92ADD7161A0F}
		{26E38F8C-3899-4CCE-9CDA-78190C3D6D1A} = {26E38F8C-3899-4CCE-9CDA-78190C3D6D1A}
	EndProjectSection
EndProject
Project("{8BC9CEB8-8B4A-11D0-8D11-00A0C91BC942}") = "tools", "tools.vcproj", "{6228A942-DC59-492A-AAD6-92ADD7161A0F}"
	ProjectSection(ProjectDependencies) = postProject
	EndProjectSection
EndProject
Project("{8BC9CEB8-8B4A-11D0-8D11-00A0C91BC942}") = "client_gui", "client_gui.vcproj", "{4D5CAD20-1E42-4A49-9D47-A3F6B855D5D7}"
	ProjectSection(ProjectDependencies) = postProject
		{73263802-2905-455F-B25F-DA6ABAFCEB1A} = {73263802-2905-455F-B25F-DA6ABAFCEB1A}
		{6228A942-DC59-492A-AAD6-92ADD7161A0F} = {6228A942-DC59-492A-AAD6-92ADD7161A0F}
		{9F8D3763-9569-4F6F-8F5F-1BEF33A94472} = {9F8D3763-9569-4F6F-8F5F-1BEF33A94472}
		{26E38F8C-3899-4CCE-9CDA-78190C3D6D1A} = {26E38F8C-3899-4CCE-9CDA-78190C3D6D1A}
	EndProjectSection
EndProject
Project("{8BC9CEB8-8B4A-11D0-8D11-00A0C91BC942}") = "arbiter", "arbiter.vcproj", "{26E38F8C-3899-4CCE-9CDA-78190C3D6D1A}"
	ProjectSection(ProjectDependencies) = postProject
		{73263802-2905-455F-B25F-DA6ABAFCEB1A} = {73263802-2905-455F-B25F-DA6ABAFCEB1A}
		{6228A942-DC59-492A-AAD6-92ADD7161A0F} = {6228A942-DC59-492A-AAD6-92ADD7161A0F}
	EndProjectSection
EndProject
Project("{8BC9CEB8-8B4A-11D0-8D11-00A0C91BC942}") = "client", "client.vcproj", "{9F8D3763-9569-4F6F-8F5F-1BEF33A94472}"
	ProjectSection(ProjectDependencies) = postProject
		{73263802-2905-455F-B25F-DA6ABAFCEB1A} = {73263802-2905-455F-B25F-DA6ABAFCEB1A}
		{6228A942-DC59-492A-AAD6-92ADD7161A0F} = {6228A942-DC59-492A-AAD6-92ADD7161A0F}
	EndProjectSection
EndProject
Global
	GlobalSection(SolutionConfiguration) = preSolution
		Debug = Debug
		Release = Release
	EndGlobalSection
	GlobalSection(ProjectConfiguration) = postSolution
		{73263802-2905-455F-B25F-DA6ABAFCEB1A}.Debug.ActiveCfg = Debug|Win32
		{73263802-2905-455F-B25F-DA6ABAFCEB1A}.Debug.Build.0 = Debug|Win32
		{73263802-2905-455F-B25F-DA6ABAFCEB1A}.Release.ActiveCfg = Release|Win32
		{73263802-2905-455F-B25F-DA6ABAFCEB1A}.Release.Build.0 = Release|Win32
		{26E38F8C-3899-4CCE-9CDA-78190C3D6D1A}.Debug.ActiveCfg = Debug|Win32
		{26E38F8C-3899-4CCE-9CDA-78190C3D6D1A}.Debug.Build.0 = Debug|Win32
		{26E38F8C-3899-4CCE-9CDA-78190C3D6D1A}.Release.ActiveCfg = Release|Win32
		{26E38F8C-3899-4CCE-9CDA-78190C3D6D1A}.Release.Build.0 = Release|Win32
		{6228A942-DC59-492A-AAD6-92ADD7161A0F}.Debug.ActiveCfg = Debug|Win32
		{6228A942-DC59-492A-AAD6-92ADD7161A0F}.Debug.Build.0 = Debug|Win32
		{6228A942-DC59-492A-AAD6-92ADD7161A0F}.Release.ActiveCfg = Release|Win32
		{6228A942-DC59-492A-AAD6-92ADD7161A0F}.Release.Build.0 = Release|Win32
		{4D5CAD20-1E42-4A49-9D47-A3F6B855D5D7}.Debug.ActiveCfg = Debug|Win32
		{4D5CAD20-1E42-4A49-9D47-A3F6B855D5D7}.Debug.Build.0 = Debug|Win32
		{4D5CAD20-1E42-4A49-9D47-A3F6B855D5D7}.Release.ActiveCfg = Release|Win32
		{4D5CAD20-1E42-4A49-9D47-A3F6B855D5D7}.Release.Build.0 = Release|Win32
		{26E38F8C-3899-4CCE-9CDA-78190C3D6D1A}.Debug.ActiveCfg = Debug|Win32
		{26E38F8C-3899-4CCE-9CDA-78190C3D6D1A}.Debug.Build.0 = Debug|Win32
		{26E38F8C-3899-4CCE-9CDA-78190C3D6D1A}.Release.ActiveCfg = Release|Win32
		{26E38F8C-3899-4CCE-9CDA-78190C3D6D1A}.Release.Build.0 = Release|Win32
		{9F8D3763-9569-4F6F-8F5F-1BEF33A94472}.Debug.ActiveCfg = Debug|Win32
		{9F8D3763-9569-4F6F-8F5F-1BEF33A94472}.Debug.Build.0 = Debug|Win32
		{9F8D3763-9569-4F6F-8F5F-1BEF33A94472}.Release.ActiveCfg = Release|Win32
		{9F8D3763-9569-4F6F-8F5F-1BEF33A94472}.Release.Build.0 = Release|Win32
	EndGlobalSection
	GlobalSection(ExtensibilityGlobals) = postSolution
	EndGlobalSection
	GlobalSection(ExtensibilityAddIns) = postSolution
	EndGlobalSection
EndGlobal
